// !$*UTF8*$!
{
	archiveVersion = 1;
	classes = {
	};
	objectVersion = 56;
	objects = {

/* Begin PBXBuildFile section */
		B35D94A829A8E8A8000B8285 /* ConsistencyTrackerApp.swift in Sources */ = {isa = PBXBuildFile; fileRef = B35D94A729A8E8A8000B8285 /* ConsistencyTrackerApp.swift */; };
		B35D94AA29A8E8A8000B8285 /* MainView.swift in Sources */ = {isa = PBXBuildFile; fileRef = B35D94A929A8E8A8000B8285 /* MainView.swift */; };
		B35D94AC29A8E8A9000B8285 /* Assets.xcassets in Resources */ = {isa = PBXBuildFile; fileRef = B35D94AB29A8E8A9000B8285 /* Assets.xcassets */; };
		B35D94AF29A8E8A9000B8285 /* Preview Assets.xcassets in Resources */ = {isa = PBXBuildFile; fileRef = B35D94AE29A8E8A9000B8285 /* Preview Assets.xcassets */; };
		B35D94B929A8E8A9000B8285 /* ConsistencyTrackerTests.swift in Sources */ = {isa = PBXBuildFile; fileRef = B35D94B829A8E8A9000B8285 /* ConsistencyTrackerTests.swift */; };
		B35D94C329A8E8A9000B8285 /* ConsistencyTrackerUITests.swift in Sources */ = {isa = PBXBuildFile; fileRef = B35D94C229A8E8A9000B8285 /* ConsistencyTrackerUITests.swift */; };
		B35D94C529A8E8A9000B8285 /* ConsistencyTrackerUITestsLaunchTests.swift in Sources */ = {isa = PBXBuildFile; fileRef = B35D94C429A8E8A9000B8285 /* ConsistencyTrackerUITestsLaunchTests.swift */; };
		B35D94D729A8E9AA000B8285 /* Networking.swift in Sources */ = {isa = PBXBuildFile; fileRef = B35D94D129A8E9AA000B8285 /* Networking.swift */; };
		B35D94D829A8E9AA000B8285 /* SensorDataAnalysis.swift in Sources */ = {isa = PBXBuildFile; fileRef = B35D94D229A8E9AA000B8285 /* SensorDataAnalysis.swift */; };
		B35D94D929A8E9AA000B8285 /* HelperFuncs.swift in Sources */ = {isa = PBXBuildFile; fileRef = B35D94D329A8E9AA000B8285 /* HelperFuncs.swift */; };
		B35D94DA29A8E9AA000B8285 /* SensorData.swift in Sources */ = {isa = PBXBuildFile; fileRef = B35D94D429A8E9AA000B8285 /* SensorData.swift */; };
		B35D94DB29A8E9AA000B8285 /* SensorDataModel.swift in Sources */ = {isa = PBXBuildFile; fileRef = B35D94D529A8E9AA000B8285 /* SensorDataModel.swift */; };
		B35D94DC29A8E9AA000B8285 /* Constants.swift in Sources */ = {isa = PBXBuildFile; fileRef = B35D94D629A8E9AA000B8285 /* Constants.swift */; };
		B35D951629A91F45000B8285 /* SensorDataPipeline.swift in Sources */ = {isa = PBXBuildFile; fileRef = B35D951529A91F45000B8285 /* SensorDataPipeline.swift */; };
		B35D951A29AA4D21000B8285 /* ConsistencyCalcTests.swift in Sources */ = {isa = PBXBuildFile; fileRef = B35D951929AA4D21000B8285 /* ConsistencyCalcTests.swift */; };
		B35D951C29AA655C000B8285 /* SensorDataPipelineModel.swift in Sources */ = {isa = PBXBuildFile; fileRef = B35D951B29AA655C000B8285 /* SensorDataPipelineModel.swift */; };
		B35D951E29AA9831000B8285 /* DataTransmutations.swift in Sources */ = {isa = PBXBuildFile; fileRef = B35D951D29AA9831000B8285 /* DataTransmutations.swift */; };
		B35EBFB129AB822500FEC0C1 /* StatisticsCardView.swift in Sources */ = {isa = PBXBuildFile; fileRef = B35EBFB029AB822500FEC0C1 /* StatisticsCardView.swift */; };
		B35EBFB329AB869100FEC0C1 /* SampleData.swift in Sources */ = {isa = PBXBuildFile; fileRef = B35EBFB229AB869100FEC0C1 /* SampleData.swift */; };
		B35EBFB729ABE11200FEC0C1 /* StatisticsView.swift in Sources */ = {isa = PBXBuildFile; fileRef = B35EBFB629ABE11200FEC0C1 /* StatisticsView.swift */; };
		B35EBFB929ACC16A00FEC0C1 /* ExternalCode.swift in Sources */ = {isa = PBXBuildFile; fileRef = B35EBFB829ACC16A00FEC0C1 /* ExternalCode.swift */; };
		B35EBFBB29ACDA6800FEC0C1 /* StatisticsCardContainerView.swift in Sources */ = {isa = PBXBuildFile; fileRef = B35EBFBA29ACDA6800FEC0C1 /* StatisticsCardContainerView.swift */; };
		B3E9017029C6109A00AA8C35 /* BaseExtensions.swift in Sources */ = {isa = PBXBuildFile; fileRef = B3E9016F29C6109A00AA8C35 /* BaseExtensions.swift */; };
/* End PBXBuildFile section */

/* Begin PBXContainerItemProxy section */
		B35D94B529A8E8A9000B8285 /* PBXContainerItemProxy */ = {
			isa = PBXContainerItemProxy;
			containerPortal = B35D949C29A8E8A8000B8285 /* Project object */;
			proxyType = 1;
			remoteGlobalIDString = B35D94A329A8E8A8000B8285;
			remoteInfo = ConsistencyTracker;
		};
		B35D94BF29A8E8A9000B8285 /* PBXContainerItemProxy */ = {
			isa = PBXContainerItemProxy;
			containerPortal = B35D949C29A8E8A8000B8285 /* Project object */;
			proxyType = 1;
			remoteGlobalIDString = B35D94A329A8E8A8000B8285;
			remoteInfo = ConsistencyTracker;
		};
/* End PBXContainerItemProxy section */

/* Begin PBXFileReference section */
		B35D94A429A8E8A8000B8285 /* ConsistencyTracker.app */ = {isa = PBXFileReference; explicitFileType = wrapper.application; includeInIndex = 0; path = ConsistencyTracker.app; sourceTree = BUILT_PRODUCTS_DIR; };
		B35D94A729A8E8A8000B8285 /* ConsistencyTrackerApp.swift */ = {isa = PBXFileReference; lastKnownFileType = sourcecode.swift; path = ConsistencyTrackerApp.swift; sourceTree = "<group>"; };
		B35D94A929A8E8A8000B8285 /* MainView.swift */ = {isa = PBXFileReference; lastKnownFileType = sourcecode.swift; path = MainView.swift; sourceTree = "<group>"; };
		B35D94AB29A8E8A9000B8285 /* Assets.xcassets */ = {isa = PBXFileReference; lastKnownFileType = folder.assetcatalog; path = Assets.xcassets; sourceTree = "<group>"; };
		B35D94AE29A8E8A9000B8285 /* Preview Assets.xcassets */ = {isa = PBXFileReference; lastKnownFileType = folder.assetcatalog; path = "Preview Assets.xcassets"; sourceTree = "<group>"; };
		B35D94B429A8E8A9000B8285 /* ConsistencyTrackerTests.xctest */ = {isa = PBXFileReference; explicitFileType = wrapper.cfbundle; includeInIndex = 0; path = ConsistencyTrackerTests.xctest; sourceTree = BUILT_PRODUCTS_DIR; };
		B35D94B829A8E8A9000B8285 /* ConsistencyTrackerTests.swift */ = {isa = PBXFileReference; lastKnownFileType = sourcecode.swift; path = ConsistencyTrackerTests.swift; sourceTree = "<group>"; };
		B35D94BE29A8E8A9000B8285 /* ConsistencyTrackerUITests.xctest */ = {isa = PBXFileReference; explicitFileType = wrapper.cfbundle; includeInIndex = 0; path = ConsistencyTrackerUITests.xctest; sourceTree = BUILT_PRODUCTS_DIR; };
		B35D94C229A8E8A9000B8285 /* ConsistencyTrackerUITests.swift */ = {isa = PBXFileReference; lastKnownFileType = sourcecode.swift; path = ConsistencyTrackerUITests.swift; sourceTree = "<group>"; };
		B35D94C429A8E8A9000B8285 /* ConsistencyTrackerUITestsLaunchTests.swift */ = {isa = PBXFileReference; lastKnownFileType = sourcecode.swift; path = ConsistencyTrackerUITestsLaunchTests.swift; sourceTree = "<group>"; };
		B35D94D129A8E9AA000B8285 /* Networking.swift */ = {isa = PBXFileReference; fileEncoding = 4; lastKnownFileType = sourcecode.swift; path = Networking.swift; sourceTree = "<group>"; };
		B35D94D229A8E9AA000B8285 /* SensorDataAnalysis.swift */ = {isa = PBXFileReference; fileEncoding = 4; lastKnownFileType = sourcecode.swift; path = SensorDataAnalysis.swift; sourceTree = "<group>"; };
		B35D94D329A8E9AA000B8285 /* HelperFuncs.swift */ = {isa = PBXFileReference; fileEncoding = 4; lastKnownFileType = sourcecode.swift; path = HelperFuncs.swift; sourceTree = "<group>"; };
		B35D94D429A8E9AA000B8285 /* SensorData.swift */ = {isa = PBXFileReference; fileEncoding = 4; lastKnownFileType = sourcecode.swift; path = SensorData.swift; sourceTree = "<group>"; };
		B35D94D529A8E9AA000B8285 /* SensorDataModel.swift */ = {isa = PBXFileReference; fileEncoding = 4; lastKnownFileType = sourcecode.swift; path = SensorDataModel.swift; sourceTree = "<group>"; };
		B35D94D629A8E9AA000B8285 /* Constants.swift */ = {isa = PBXFileReference; fileEncoding = 4; lastKnownFileType = sourcecode.swift; path = Constants.swift; sourceTree = "<group>"; };
		B35D951529A91F45000B8285 /* SensorDataPipeline.swift */ = {isa = PBXFileReference; lastKnownFileType = sourcecode.swift; path = SensorDataPipeline.swift; sourceTree = "<group>"; };
		B35D951929AA4D21000B8285 /* ConsistencyCalcTests.swift */ = {isa = PBXFileReference; lastKnownFileType = sourcecode.swift; path = ConsistencyCalcTests.swift; sourceTree = "<group>"; };
		B35D951B29AA655C000B8285 /* SensorDataPipelineModel.swift */ = {isa = PBXFileReference; lastKnownFileType = sourcecode.swift; path = SensorDataPipelineModel.swift; sourceTree = "<group>"; };
		B35D951D29AA9831000B8285 /* DataTransmutations.swift */ = {isa = PBXFileReference; lastKnownFileType = sourcecode.swift; path = DataTransmutations.swift; sourceTree = "<group>"; };
		B35EBFB029AB822500FEC0C1 /* StatisticsCardView.swift */ = {isa = PBXFileReference; lastKnownFileType = sourcecode.swift; path = StatisticsCardView.swift; sourceTree = "<group>"; };
		B35EBFB229AB869100FEC0C1 /* SampleData.swift */ = {isa = PBXFileReference; lastKnownFileType = sourcecode.swift; path = SampleData.swift; sourceTree = "<group>"; };
		B35EBFB629ABE11200FEC0C1 /* StatisticsView.swift */ = {isa = PBXFileReference; lastKnownFileType = sourcecode.swift; path = StatisticsView.swift; sourceTree = "<group>"; };
		B35EBFB829ACC16A00FEC0C1 /* ExternalCode.swift */ = {isa = PBXFileReference; lastKnownFileType = sourcecode.swift; path = ExternalCode.swift; sourceTree = "<group>"; };
		B35EBFBA29ACDA6800FEC0C1 /* StatisticsCardContainerView.swift */ = {isa = PBXFileReference; lastKnownFileType = sourcecode.swift; path = StatisticsCardContainerView.swift; sourceTree = "<group>"; };
		B3D44F0929AFFAC500CD43FF /* Info.plist */ = {isa = PBXFileReference; lastKnownFileType = text.plist; path = Info.plist; sourceTree = "<group>"; };
		B3E9016F29C6109A00AA8C35 /* BaseExtensions.swift */ = {isa = PBXFileReference; lastKnownFileType = sourcecode.swift; path = BaseExtensions.swift; sourceTree = "<group>"; };
/* End PBXFileReference section */

/* Begin PBXFrameworksBuildPhase section */
		B35D94A129A8E8A8000B8285 /* Frameworks */ = {
			isa = PBXFrameworksBuildPhase;
			buildActionMask = 2147483647;
			files = (
			);
			runOnlyForDeploymentPostprocessing = 0;
		};
		B35D94B129A8E8A9000B8285 /* Frameworks */ = {
			isa = PBXFrameworksBuildPhase;
			buildActionMask = 2147483647;
			files = (
			);
			runOnlyForDeploymentPostprocessing = 0;
		};
		B35D94BB29A8E8A9000B8285 /* Frameworks */ = {
			isa = PBXFrameworksBuildPhase;
			buildActionMask = 2147483647;
			files = (
			);
			runOnlyForDeploymentPostprocessing = 0;
		};
/* End PBXFrameworksBuildPhase section */

/* Begin PBXGroup section */
		B35D949B29A8E8A8000B8285 = {
			isa = PBXGroup;
			children = (
				B35D94A629A8E8A8000B8285 /* ConsistencyTracker */,
				B35D94B729A8E8A9000B8285 /* ConsistencyTrackerTests */,
				B35D94C129A8E8A9000B8285 /* ConsistencyTrackerUITests */,
				B35D94A529A8E8A8000B8285 /* Products */,
			);
			sourceTree = "<group>";
		};
		B35D94A529A8E8A8000B8285 /* Products */ = {
			isa = PBXGroup;
			children = (
				B35D94A429A8E8A8000B8285 /* ConsistencyTracker.app */,
				B35D94B429A8E8A9000B8285 /* ConsistencyTrackerTests.xctest */,
				B35D94BE29A8E8A9000B8285 /* ConsistencyTrackerUITests.xctest */,
			);
			name = Products;
			sourceTree = "<group>";
		};
		B35D94A629A8E8A8000B8285 /* ConsistencyTracker */ = {
			isa = PBXGroup;
			children = (
				B3D44F0929AFFAC500CD43FF /* Info.plist */,
				B35D94A729A8E8A8000B8285 /* ConsistencyTrackerApp.swift */,
				B35D94A929A8E8A8000B8285 /* MainView.swift */,
				B3E9016F29C6109A00AA8C35 /* BaseExtensions.swift */,
				B35EBFB029AB822500FEC0C1 /* StatisticsCardView.swift */,
				B35EBFB629ABE11200FEC0C1 /* StatisticsView.swift */,
				B35EBFBA29ACDA6800FEC0C1 /* StatisticsCardContainerView.swift */,
				B35D94D629A8E9AA000B8285 /* Constants.swift */,
				B35D94D329A8E9AA000B8285 /* HelperFuncs.swift */,
				B35D94D129A8E9AA000B8285 /* Networking.swift */,
				B35D94D429A8E9AA000B8285 /* SensorData.swift */,
				B35D94D229A8E9AA000B8285 /* SensorDataAnalysis.swift */,
				B35EBFB229AB869100FEC0C1 /* SampleData.swift */,
				B35D951529A91F45000B8285 /* SensorDataPipeline.swift */,
				B35D951D29AA9831000B8285 /* DataTransmutations.swift */,
				B35D951B29AA655C000B8285 /* SensorDataPipelineModel.swift */,
				B35D94D529A8E9AA000B8285 /* SensorDataModel.swift */,
				B35D94AB29A8E8A9000B8285 /* Assets.xcassets */,
				B3D44F0229AFF05100CD43FF /* ExternalCode */,
				B35D94AD29A8E8A9000B8285 /* Preview Content */,
			);
			path = ConsistencyTracker;
			sourceTree = "<group>";
		};
		B35D94AD29A8E8A9000B8285 /* Preview Content */ = {
			isa = PBXGroup;
			children = (
				B35D94AE29A8E8A9000B8285 /* Preview Assets.xcassets */,
			);
			path = "Preview Content";
			sourceTree = "<group>";
		};
		B35D94B729A8E8A9000B8285 /* ConsistencyTrackerTests */ = {
			isa = PBXGroup;
			children = (
				B35D94B829A8E8A9000B8285 /* ConsistencyTrackerTests.swift */,
				B35D951929AA4D21000B8285 /* ConsistencyCalcTests.swift */,
			);
			path = ConsistencyTrackerTests;
			sourceTree = "<group>";
		};
		B35D94C129A8E8A9000B8285 /* ConsistencyTrackerUITests */ = {
			isa = PBXGroup;
			children = (
				B35D94C229A8E8A9000B8285 /* ConsistencyTrackerUITests.swift */,
				B35D94C429A8E8A9000B8285 /* ConsistencyTrackerUITestsLaunchTests.swift */,
			);
			path = ConsistencyTrackerUITests;
			sourceTree = "<group>";
		};
		B3D44F0229AFF05100CD43FF /* ExternalCode */ = {
			isa = PBXGroup;
			children = (
				B35EBFB829ACC16A00FEC0C1 /* ExternalCode.swift */,
			);
			path = ExternalCode;
			sourceTree = "<group>";
		};
/* End PBXGroup section */

/* Begin PBXNativeTarget section */
		B35D94A329A8E8A8000B8285 /* ConsistencyTracker */ = {
			isa = PBXNativeTarget;
			buildConfigurationList = B35D94C829A8E8A9000B8285 /* Build configuration list for PBXNativeTarget "ConsistencyTracker" */;
			buildPhases = (
				B35D94A029A8E8A8000B8285 /* Sources */,
				B35D94A129A8E8A8000B8285 /* Frameworks */,
				B35D94A229A8E8A8000B8285 /* Resources */,
			);
			buildRules = (
			);
			dependencies = (
			);
			name = ConsistencyTracker;
			productName = ConsistencyTracker;
			productReference = B35D94A429A8E8A8000B8285 /* ConsistencyTracker.app */;
			productType = "com.apple.product-type.application";
		};
		B35D94B329A8E8A9000B8285 /* ConsistencyTrackerTests */ = {
			isa = PBXNativeTarget;
			buildConfigurationList = B35D94CB29A8E8A9000B8285 /* Build configuration list for PBXNativeTarget "ConsistencyTrackerTests" */;
			buildPhases = (
				B35D94B029A8E8A9000B8285 /* Sources */,
				B35D94B129A8E8A9000B8285 /* Frameworks */,
				B35D94B229A8E8A9000B8285 /* Resources */,
			);
			buildRules = (
			);
			dependencies = (
				B35D94B629A8E8A9000B8285 /* PBXTargetDependency */,
			);
			name = ConsistencyTrackerTests;
			productName = ConsistencyTrackerTests;
			productReference = B35D94B429A8E8A9000B8285 /* ConsistencyTrackerTests.xctest */;
			productType = "com.apple.product-type.bundle.unit-test";
		};
		B35D94BD29A8E8A9000B8285 /* ConsistencyTrackerUITests */ = {
			isa = PBXNativeTarget;
			buildConfigurationList = B35D94CE29A8E8A9000B8285 /* Build configuration list for PBXNativeTarget "ConsistencyTrackerUITests" */;
			buildPhases = (
				B35D94BA29A8E8A9000B8285 /* Sources */,
				B35D94BB29A8E8A9000B8285 /* Frameworks */,
				B35D94BC29A8E8A9000B8285 /* Resources */,
			);
			buildRules = (
			);
			dependencies = (
				B35D94C029A8E8A9000B8285 /* PBXTargetDependency */,
			);
			name = ConsistencyTrackerUITests;
			productName = ConsistencyTrackerUITests;
			productReference = B35D94BE29A8E8A9000B8285 /* ConsistencyTrackerUITests.xctest */;
			productType = "com.apple.product-type.bundle.ui-testing";
		};
/* End PBXNativeTarget section */

/* Begin PBXProject section */
		B35D949C29A8E8A8000B8285 /* Project object */ = {
			isa = PBXProject;
			attributes = {
				BuildIndependentTargetsInParallel = 1;
				LastSwiftUpdateCheck = 1420;
				LastUpgradeCheck = 1420;
				TargetAttributes = {
					B35D94A329A8E8A8000B8285 = {
						CreatedOnToolsVersion = 14.2;
					};
					B35D94B329A8E8A9000B8285 = {
						CreatedOnToolsVersion = 14.2;
						TestTargetID = B35D94A329A8E8A8000B8285;
					};
					B35D94BD29A8E8A9000B8285 = {
						CreatedOnToolsVersion = 14.2;
						TestTargetID = B35D94A329A8E8A8000B8285;
					};
				};
			};
			buildConfigurationList = B35D949F29A8E8A8000B8285 /* Build configuration list for PBXProject "ConsistencyTracker" */;
			compatibilityVersion = "Xcode 14.0";
			developmentRegion = en;
			hasScannedForEncodings = 0;
			knownRegions = (
				en,
				Base,
			);
			mainGroup = B35D949B29A8E8A8000B8285;
			packageReferences = (
			);
			productRefGroup = B35D94A529A8E8A8000B8285 /* Products */;
			projectDirPath = "";
			projectRoot = "";
			targets = (
				B35D94A329A8E8A8000B8285 /* ConsistencyTracker */,
				B35D94B329A8E8A9000B8285 /* ConsistencyTrackerTests */,
				B35D94BD29A8E8A9000B8285 /* ConsistencyTrackerUITests */,
			);
		};
/* End PBXProject section */

/* Begin PBXResourcesBuildPhase section */
		B35D94A229A8E8A8000B8285 /* Resources */ = {
			isa = PBXResourcesBuildPhase;
			buildActionMask = 2147483647;
			files = (
				B35D94AF29A8E8A9000B8285 /* Preview Assets.xcassets in Resources */,
				B35D94AC29A8E8A9000B8285 /* Assets.xcassets in Resources */,
			);
			runOnlyForDeploymentPostprocessing = 0;
		};
		B35D94B229A8E8A9000B8285 /* Resources */ = {
			isa = PBXResourcesBuildPhase;
			buildActionMask = 2147483647;
			files = (
			);
			runOnlyForDeploymentPostprocessing = 0;
		};
		B35D94BC29A8E8A9000B8285 /* Resources */ = {
			isa = PBXResourcesBuildPhase;
			buildActionMask = 2147483647;
			files = (
			);
			runOnlyForDeploymentPostprocessing = 0;
		};
/* End PBXResourcesBuildPhase section */

/* Begin PBXSourcesBuildPhase section */
		B35D94A029A8E8A8000B8285 /* Sources */ = {
			isa = PBXSourcesBuildPhase;
			buildActionMask = 2147483647;
			files = (
				B35D94D729A8E9AA000B8285 /* Networking.swift in Sources */,
				B35EBFB129AB822500FEC0C1 /* StatisticsCardView.swift in Sources */,
				B35D94D929A8E9AA000B8285 /* HelperFuncs.swift in Sources */,
				B35EBFB729ABE11200FEC0C1 /* StatisticsView.swift in Sources */,
				B35D951E29AA9831000B8285 /* DataTransmutations.swift in Sources */,
				B35D94DB29A8E9AA000B8285 /* SensorDataModel.swift in Sources */,
				B35D951C29AA655C000B8285 /* SensorDataPipelineModel.swift in Sources */,
				B35D94AA29A8E8A8000B8285 /* MainView.swift in Sources */,
				B3E9017029C6109A00AA8C35 /* BaseExtensions.swift in Sources */,
				B35EBFB329AB869100FEC0C1 /* SampleData.swift in Sources */,
				B35EBFB929ACC16A00FEC0C1 /* ExternalCode.swift in Sources */,
				B35D94A829A8E8A8000B8285 /* ConsistencyTrackerApp.swift in Sources */,
				B35D951629A91F45000B8285 /* SensorDataPipeline.swift in Sources */,
				B35D94D829A8E9AA000B8285 /* SensorDataAnalysis.swift in Sources */,
				B35EBFBB29ACDA6800FEC0C1 /* StatisticsCardContainerView.swift in Sources */,
				B35D94DA29A8E9AA000B8285 /* SensorData.swift in Sources */,
				B35D94DC29A8E9AA000B8285 /* Constants.swift in Sources */,
			);
			runOnlyForDeploymentPostprocessing = 0;
		};
		B35D94B029A8E8A9000B8285 /* Sources */ = {
			isa = PBXSourcesBuildPhase;
			buildActionMask = 2147483647;
			files = (
				B35D94B929A8E8A9000B8285 /* ConsistencyTrackerTests.swift in Sources */,
				B35D951A29AA4D21000B8285 /* ConsistencyCalcTests.swift in Sources */,
			);
			runOnlyForDeploymentPostprocessing = 0;
		};
		B35D94BA29A8E8A9000B8285 /* Sources */ = {
			isa = PBXSourcesBuildPhase;
			buildActionMask = 2147483647;
			files = (
				B35D94C529A8E8A9000B8285 /* ConsistencyTrackerUITestsLaunchTests.swift in Sources */,
				B35D94C329A8E8A9000B8285 /* ConsistencyTrackerUITests.swift in Sources */,
			);
			runOnlyForDeploymentPostprocessing = 0;
		};
/* End PBXSourcesBuildPhase section */

/* Begin PBXTargetDependency section */
		B35D94B629A8E8A9000B8285 /* PBXTargetDependency */ = {
			isa = PBXTargetDependency;
			target = B35D94A329A8E8A8000B8285 /* ConsistencyTracker */;
			targetProxy = B35D94B529A8E8A9000B8285 /* PBXContainerItemProxy */;
		};
		B35D94C029A8E8A9000B8285 /* PBXTargetDependency */ = {
			isa = PBXTargetDependency;
			target = B35D94A329A8E8A8000B8285 /* ConsistencyTracker */;
			targetProxy = B35D94BF29A8E8A9000B8285 /* PBXContainerItemProxy */;
		};
/* End PBXTargetDependency section */

/* Begin XCBuildConfiguration section */
		B35D94C629A8E8A9000B8285 /* Debug */ = {
			isa = XCBuildConfiguration;
			buildSettings = {
				ALWAYS_SEARCH_USER_PATHS = NO;
				CLANG_ANALYZER_NONNULL = YES;
				CLANG_ANALYZER_NUMBER_OBJECT_CONVERSION = YES_AGGRESSIVE;
				CLANG_CXX_LANGUAGE_STANDARD = "gnu++20";
				CLANG_ENABLE_MODULES = YES;
				CLANG_ENABLE_OBJC_ARC = YES;
				CLANG_ENABLE_OBJC_WEAK = YES;
				CLANG_WARN_BLOCK_CAPTURE_AUTORELEASING = YES;
				CLANG_WARN_BOOL_CONVERSION = YES;
				CLANG_WARN_COMMA = YES;
				CLANG_WARN_CONSTANT_CONVERSION = YES;
				CLANG_WARN_DEPRECATED_OBJC_IMPLEMENTATIONS = YES;
				CLANG_WARN_DIRECT_OBJC_ISA_USAGE = YES_ERROR;
				CLANG_WARN_DOCUMENTATION_COMMENTS = YES;
				CLANG_WARN_EMPTY_BODY = YES;
				CLANG_WARN_ENUM_CONVERSION = YES;
				CLANG_WARN_INFINITE_RECURSION = YES;
				CLANG_WARN_INT_CONVERSION = YES;
				CLANG_WARN_NON_LITERAL_NULL_CONVERSION = YES;
				CLANG_WARN_OBJC_IMPLICIT_RETAIN_SELF = YES;
				CLANG_WARN_OBJC_LITERAL_CONVERSION = YES;
				CLANG_WARN_OBJC_ROOT_CLASS = YES_ERROR;
				CLANG_WARN_QUOTED_INCLUDE_IN_FRAMEWORK_HEADER = YES;
				CLANG_WARN_RANGE_LOOP_ANALYSIS = YES;
				CLANG_WARN_STRICT_PROTOTYPES = YES;
				CLANG_WARN_SUSPICIOUS_MOVE = YES;
				CLANG_WARN_UNGUARDED_AVAILABILITY = YES_AGGRESSIVE;
				CLANG_WARN_UNREACHABLE_CODE = YES;
				CLANG_WARN__DUPLICATE_METHOD_MATCH = YES;
				COPY_PHASE_STRIP = NO;
				DEBUG_INFORMATION_FORMAT = dwarf;
				ENABLE_STRICT_OBJC_MSGSEND = YES;
				ENABLE_TESTABILITY = YES;
				GCC_C_LANGUAGE_STANDARD = gnu11;
				GCC_DYNAMIC_NO_PIC = NO;
				GCC_NO_COMMON_BLOCKS = YES;
				GCC_OPTIMIZATION_LEVEL = 0;
				GCC_PREPROCESSOR_DEFINITIONS = (
					"DEBUG=1",
					"$(inherited)",
				);
				GCC_WARN_64_TO_32_BIT_CONVERSION = YES;
				GCC_WARN_ABOUT_RETURN_TYPE = YES_ERROR;
				GCC_WARN_UNDECLARED_SELECTOR = YES;
				GCC_WARN_UNINITIALIZED_AUTOS = YES_AGGRESSIVE;
				GCC_WARN_UNUSED_FUNCTION = YES;
				GCC_WARN_UNUSED_VARIABLE = YES;
				IPHONEOS_DEPLOYMENT_TARGET = 16.2;
				MTL_ENABLE_DEBUG_INFO = INCLUDE_SOURCE;
				MTL_FAST_MATH = YES;
				ONLY_ACTIVE_ARCH = YES;
				SDKROOT = iphoneos;
				SWIFT_ACTIVE_COMPILATION_CONDITIONS = DEBUG;
				SWIFT_OPTIMIZATION_LEVEL = "-Onone";
			};
			name = Debug;
		};
		B35D94C729A8E8A9000B8285 /* Release */ = {
			isa = XCBuildConfiguration;
			buildSettings = {
				ALWAYS_SEARCH_USER_PATHS = NO;
				CLANG_ANALYZER_NONNULL = YES;
				CLANG_ANALYZER_NUMBER_OBJECT_CONVERSION = YES_AGGRESSIVE;
				CLANG_CXX_LANGUAGE_STANDARD = "gnu++20";
				CLANG_ENABLE_MODULES = YES;
				CLANG_ENABLE_OBJC_ARC = YES;
				CLANG_ENABLE_OBJC_WEAK = YES;
				CLANG_WARN_BLOCK_CAPTURE_AUTORELEASING = YES;
				CLANG_WARN_BOOL_CONVERSION = YES;
				CLANG_WARN_COMMA = YES;
				CLANG_WARN_CONSTANT_CONVERSION = YES;
				CLANG_WARN_DEPRECATED_OBJC_IMPLEMENTATIONS = YES;
				CLANG_WARN_DIRECT_OBJC_ISA_USAGE = YES_ERROR;
				CLANG_WARN_DOCUMENTATION_COMMENTS = YES;
				CLANG_WARN_EMPTY_BODY = YES;
				CLANG_WARN_ENUM_CONVERSION = YES;
				CLANG_WARN_INFINITE_RECURSION = YES;
				CLANG_WARN_INT_CONVERSION = YES;
				CLANG_WARN_NON_LITERAL_NULL_CONVERSION = YES;
				CLANG_WARN_OBJC_IMPLICIT_RETAIN_SELF = YES;
				CLANG_WARN_OBJC_LITERAL_CONVERSION = YES;
				CLANG_WARN_OBJC_ROOT_CLASS = YES_ERROR;
				CLANG_WARN_QUOTED_INCLUDE_IN_FRAMEWORK_HEADER = YES;
				CLANG_WARN_RANGE_LOOP_ANALYSIS = YES;
				CLANG_WARN_STRICT_PROTOTYPES = YES;
				CLANG_WARN_SUSPICIOUS_MOVE = YES;
				CLANG_WARN_UNGUARDED_AVAILABILITY = YES_AGGRESSIVE;
				CLANG_WARN_UNREACHABLE_CODE = YES;
				CLANG_WARN__DUPLICATE_METHOD_MATCH = YES;
				COPY_PHASE_STRIP = NO;
				DEBUG_INFORMATION_FORMAT = "dwarf-with-dsym";
				ENABLE_NS_ASSERTIONS = NO;
				ENABLE_STRICT_OBJC_MSGSEND = YES;
				GCC_C_LANGUAGE_STANDARD = gnu11;
				GCC_NO_COMMON_BLOCKS = YES;
				GCC_WARN_64_TO_32_BIT_CONVERSION = YES;
				GCC_WARN_ABOUT_RETURN_TYPE = YES_ERROR;
				GCC_WARN_UNDECLARED_SELECTOR = YES;
				GCC_WARN_UNINITIALIZED_AUTOS = YES_AGGRESSIVE;
				GCC_WARN_UNUSED_FUNCTION = YES;
				GCC_WARN_UNUSED_VARIABLE = YES;
				IPHONEOS_DEPLOYMENT_TARGET = 16.2;
				MTL_ENABLE_DEBUG_INFO = NO;
				MTL_FAST_MATH = YES;
				SDKROOT = iphoneos;
				SWIFT_COMPILATION_MODE = wholemodule;
				SWIFT_OPTIMIZATION_LEVEL = "-O";
				VALIDATE_PRODUCT = YES;
			};
			name = Release;
		};
		B35D94C929A8E8A9000B8285 /* Debug */ = {
			isa = XCBuildConfiguration;
			buildSettings = {
				ASSETCATALOG_COMPILER_APPICON_NAME = AppIcon;
				ASSETCATALOG_COMPILER_GLOBAL_ACCENT_COLOR_NAME = AccentColor;
				CODE_SIGN_STYLE = Automatic;
				CURRENT_PROJECT_VERSION = 1;
				DEVELOPMENT_ASSET_PATHS = "\"ConsistencyTracker/Preview Content\"";
				DEVELOPMENT_TEAM = VQ65YNYT5J;
				ENABLE_PREVIEWS = YES;
				GENERATE_INFOPLIST_FILE = YES;
				INFOPLIST_FILE = ConsistencyTracker/Info.plist;
				INFOPLIST_KEY_UIApplicationSupportsIndirectInputEvents = YES;
				INFOPLIST_KEY_UILaunchScreen_Generation = YES;
				INFOPLIST_KEY_UISupportedInterfaceOrientations_iPad = "UIInterfaceOrientationPortrait UIInterfaceOrientationPortraitUpsideDown UIInterfaceOrientationLandscapeLeft UIInterfaceOrientationLandscapeRight";
				INFOPLIST_KEY_UISupportedInterfaceOrientations_iPhone = "UIInterfaceOrientationPortrait UIInterfaceOrientationLandscapeLeft UIInterfaceOrientationLandscapeRight";
				LD_RUNPATH_SEARCH_PATHS = (
					"$(inherited)",
					"@executable_path/Frameworks",
				);
				MARKETING_VERSION = 1.0;
				PRODUCT_BUNDLE_IDENTIFIER = "Nicola-Vidovic.ConsistencyTracker";
				PRODUCT_NAME = "$(TARGET_NAME)";
				SWIFT_EMIT_LOC_STRINGS = YES;
				SWIFT_VERSION = 5.0;
				TARGETED_DEVICE_FAMILY = "1,2";
			};
			name = Debug;
		};
		B35D94CA29A8E8A9000B8285 /* Release */ = {
			isa = XCBuildConfiguration;
			buildSettings = {
				ASSETCATALOG_COMPILER_APPICON_NAME = AppIcon;
				ASSETCATALOG_COMPILER_GLOBAL_ACCENT_COLOR_NAME = AccentColor;
				CODE_SIGN_STYLE = Automatic;
				CURRENT_PROJECT_VERSION = 1;
				DEVELOPMENT_ASSET_PATHS = "\"ConsistencyTracker/Preview Content\"";
				DEVELOPMENT_TEAM = VQ65YNYT5J;
				ENABLE_PREVIEWS = YES;
				GENERATE_INFOPLIST_FILE = YES;
				INFOPLIST_FILE = ConsistencyTracker/Info.plist;
				INFOPLIST_KEY_UIApplicationSupportsIndirectInputEvents = YES;
				INFOPLIST_KEY_UILaunchScreen_Generation = YES;
				INFOPLIST_KEY_UISupportedInterfaceOrientations_iPad = "UIInterfaceOrientationPortrait UIInterfaceOrientationPortraitUpsideDown UIInterfaceOrientationLandscapeLeft UIInterfaceOrientationLandscapeRight";
				INFOPLIST_KEY_UISupportedInterfaceOrientations_iPhone = "UIInterfaceOrientationPortrait UIInterfaceOrientationLandscapeLeft UIInterfaceOrientationLandscapeRight";
				LD_RUNPATH_SEARCH_PATHS = (
					"$(inherited)",
					"@executable_path/Frameworks",
				);
				MARKETING_VERSION = 1.0;
				PRODUCT_BUNDLE_IDENTIFIER = "Nicola-Vidovic.ConsistencyTracker";
				PRODUCT_NAME = "$(TARGET_NAME)";
				SWIFT_EMIT_LOC_STRINGS = YES;
				SWIFT_VERSION = 5.0;
				TARGETED_DEVICE_FAMILY = "1,2";
			};
			name = Release;
		};
		B35D94CC29A8E8A9000B8285 /* Debug */ = {
			isa = XCBuildConfiguration;
			buildSettings = {
				ALWAYS_EMBED_SWIFT_STANDARD_LIBRARIES = YES;
				BUNDLE_LOADER = "$(TEST_HOST)";
				CODE_SIGN_STYLE = Automatic;
				CURRENT_PROJECT_VERSION = 1;
				DEVELOPMENT_TEAM = VQ65YNYT5J;
				GENERATE_INFOPLIST_FILE = YES;
				IPHONEOS_DEPLOYMENT_TARGET = 16.2;
				MARKETING_VERSION = 1.0;
				PRODUCT_BUNDLE_IDENTIFIER = "Nicola-Vidovic.ConsistencyTrackerTests";
				PRODUCT_NAME = "$(TARGET_NAME)";
				SWIFT_EMIT_LOC_STRINGS = NO;
				SWIFT_VERSION = 5.0;
				TARGETED_DEVICE_FAMILY = "1,2";
				TEST_HOST = "$(BUILT_PRODUCTS_DIR)/ConsistencyTracker.app/$(BUNDLE_EXECUTABLE_FOLDER_PATH)/ConsistencyTracker";
			};
			name = Debug;
		};
		B35D94CD29A8E8A9000B8285 /* Release */ = {
			isa = XCBuildConfiguration;
			buildSettings = {
				ALWAYS_EMBED_SWIFT_STANDARD_LIBRARIES = YES;
				BUNDLE_LOADER = "$(TEST_HOST)";
				CODE_SIGN_STYLE = Automatic;
				CURRENT_PROJECT_VERSION = 1;
				DEVELOPMENT_TEAM = VQ65YNYT5J;
				GENERATE_INFOPLIST_FILE = YES;
				IPHONEOS_DEPLOYMENT_TARGET = 16.2;
				MARKETING_VERSION = 1.0;
				PRODUCT_BUNDLE_IDENTIFIER = "Nicola-Vidovic.ConsistencyTrackerTests";
				PRODUCT_NAME = "$(TARGET_NAME)";
				SWIFT_EMIT_LOC_STRINGS = NO;
				SWIFT_VERSION = 5.0;
				TARGETED_DEVICE_FAMILY = "1,2";
				TEST_HOST = "$(BUILT_PRODUCTS_DIR)/ConsistencyTracker.app/$(BUNDLE_EXECUTABLE_FOLDER_PATH)/ConsistencyTracker";
			};
			name = Release;
		};
		B35D94CF29A8E8A9000B8285 /* Debug */ = {
			isa = XCBuildConfiguration;
			buildSettings = {
				ALWAYS_EMBED_SWIFT_STANDARD_LIBRARIES = YES;
				CODE_SIGN_STYLE = Automatic;
				CURRENT_PROJECT_VERSION = 1;
				DEVELOPMENT_TEAM = VQ65YNYT5J;
				GENERATE_INFOPLIST_FILE = YES;
				MARKETING_VERSION = 1.0;
				PRODUCT_BUNDLE_IDENTIFIER = "Nicola-Vidovic.ConsistencyTrackerUITests";
				PRODUCT_NAME = "$(TARGET_NAME)";
				SWIFT_EMIT_LOC_STRINGS = NO;
				SWIFT_VERSION = 5.0;
				TARGETED_DEVICE_FAMILY = "1,2";
				TEST_TARGET_NAME = ConsistencyTracker;
			};
			name = Debug;
		};
		B35D94D029A8E8A9000B8285 /* Release */ = {
			isa = XCBuildConfiguration;
			buildSettings = {
				ALWAYS_EMBED_SWIFT_STANDARD_LIBRARIES = YES;
				CODE_SIGN_STYLE = Automatic;
				CURRENT_PROJECT_VERSION = 1;
				DEVELOPMENT_TEAM = VQ65YNYT5J;
				GENERATE_INFOPLIST_FILE = YES;
				MARKETING_VERSION = 1.0;
				PRODUCT_BUNDLE_IDENTIFIER = "Nicola-Vidovic.ConsistencyTrackerUITests";
				PRODUCT_NAME = "$(TARGET_NAME)";
				SWIFT_EMIT_LOC_STRINGS = NO;
				SWIFT_VERSION = 5.0;
				TARGETED_DEVICE_FAMILY = "1,2";
				TEST_TARGET_NAME = ConsistencyTracker;
			};
			name = Release;
		};
/* End XCBuildConfiguration section */

/* Begin XCConfigurationList section */
		B35D949F29A8E8A8000B8285 /* Build configuration list for PBXProject "ConsistencyTracker" */ = {
			isa = XCConfigurationList;
			buildConfigurations = (
				B35D94C629A8E8A9000B8285 /* Debug */,
				B35D94C729A8E8A9000B8285 /* Release */,
			);
			defaultConfigurationIsVisible = 0;
			defaultConfigurationName = Release;
		};
		B35D94C829A8E8A9000B8285 /* Build configuration list for PBXNativeTarget "ConsistencyTracker" */ = {
			isa = XCConfigurationList;
			buildConfigurations = (
				B35D94C929A8E8A9000B8285 /* Debug */,
				B35D94CA29A8E8A9000B8285 /* Release */,
			);
			defaultConfigurationIsVisible = 0;
			defaultConfigurationName = Release;
		};
		B35D94CB29A8E8A9000B8285 /* Build configuration list for PBXNativeTarget "ConsistencyTrackerTests" */ = {
			isa = XCConfigurationList;
			buildConfigurations = (
				B35D94CC29A8E8A9000B8285 /* Debug */,
				B35D94CD29A8E8A9000B8285 /* Release */,
			);
			defaultConfigurationIsVisible = 0;
			defaultConfigurationName = Release;
		};
		B35D94CE29A8E8A9000B8285 /* Build configuration list for PBXNativeTarget "ConsistencyTrackerUITests" */ = {
			isa = XCConfigurationList;
			buildConfigurations = (
				B35D94CF29A8E8A9000B8285 /* Debug */,
				B35D94D029A8E8A9000B8285 /* Release */,
			);
			defaultConfigurationIsVisible = 0;
			defaultConfigurationName = Release;
		};
/* End XCConfigurationList section */
	};
	rootObject = B35D949C29A8E8A8000B8285 /* Project object */;
}
